
Microsoft Visual Studio Solution File, Format Version 12.00
# Visual Studio Version 17
VisualStudioVersion = 17.9.34723.18
MinimumVisualStudioVersion = 10.0.40219.1
Project("{9A19103F-16F7-4668-BE54-9A1E7A4F7556}") = "TandemTechAPI", "TandemTechAPI\TandemTechAPI.csproj", "{E381A85B-EECE-4318-ADF3-79928F991631}"
EndProject
Project("{9A19103F-16F7-4668-BE54-9A1E7A4F7556}") = "Repository.Contracts", "Repository.Contracts\Repository.Contracts.csproj", "{32F2FEEB-0E29-4F87-944E-70B462E2B85D}"
EndProject
Project("{9A19103F-16F7-4668-BE54-9A1E7A4F7556}") = "Repository", "Repository\Repository.csproj", "{2D950BA5-85D9-42C8-9DE6-9E14E84E0673}"
EndProject
Project("{9A19103F-16F7-4668-BE54-9A1E7A4F7556}") = "Entities", "Entities\Entities.csproj", "{28AC89EC-C2B2-485F-9A07-A69992A0748A}"
EndProject
Project("{9A19103F-16F7-4668-BE54-9A1E7A4F7556}") = "DTOs", "DTOs\DTOs.csproj", "{1D022560-974C-48C5-B3BC-D83F2BFCCF77}"
EndProject
Project("{FAE04EC0-301F-11D3-BF4B-00C04F79EFBC}") = "Service.Contracts", "Service.Contracts\Service.Contracts.csproj", "{163DF542-EAD3-460E-ADED-E428FF0E3F4F}"
EndProject
Project("{FAE04EC0-301F-11D3-BF4B-00C04F79EFBC}") = "Services", "Services\Services.csproj", "{9AED46EF-2CD5-4D01-974C-4F2ADE9B9F38}"
EndProject
Global
	GlobalSection(SolutionConfigurationPlatforms) = preSolution
		Debug|Any CPU = Debug|Any CPU
		Release|Any CPU = Release|Any CPU
	EndGlobalSection
	GlobalSection(ProjectConfigurationPlatforms) = postSolution
		{E381A85B-EECE-4318-ADF3-79928F991631}.Debug|Any CPU.ActiveCfg = Debug|Any CPU
		{E381A85B-EECE-4318-ADF3-79928F991631}.Debug|Any CPU.Build.0 = Debug|Any CPU
		{E381A85B-EECE-4318-ADF3-79928F991631}.Release|Any CPU.ActiveCfg = Release|Any CPU
		{E381A85B-EECE-4318-ADF3-79928F991631}.Release|Any CPU.Build.0 = Release|Any CPU
		{32F2FEEB-0E29-4F87-944E-70B462E2B85D}.Debug|Any CPU.ActiveCfg = Debug|Any CPU
		{32F2FEEB-0E29-4F87-944E-70B462E2B85D}.Debug|Any CPU.Build.0 = Debug|Any CPU
		{32F2FEEB-0E29-4F87-944E-70B462E2B85D}.Release|Any CPU.ActiveCfg = Release|Any CPU
		{32F2FEEB-0E29-4F87-944E-70B462E2B85D}.Release|Any CPU.Build.0 = Release|Any CPU
		{2D950BA5-85D9-42C8-9DE6-9E14E84E0673}.Debug|Any CPU.ActiveCfg = Debug|Any CPU
		{2D950BA5-85D9-42C8-9DE6-9E14E84E0673}.Debug|Any CPU.Build.0 = Debug|Any CPU
		{2D950BA5-85D9-42C8-9DE6-9E14E84E0673}.Release|Any CPU.ActiveCfg = Release|Any CPU
		{2D950BA5-85D9-42C8-9DE6-9E14E84E0673}.Release|Any CPU.Build.0 = Release|Any CPU
		{28AC89EC-C2B2-485F-9A07-A69992A0748A}.Debug|Any CPU.ActiveCfg = Debug|Any CPU
		{28AC89EC-C2B2-485F-9A07-A69992A0748A}.Debug|Any CPU.Build.0 = Debug|Any CPU
		{28AC89EC-C2B2-485F-9A07-A69992A0748A}.Release|Any CPU.ActiveCfg = Release|Any CPU
		{28AC89EC-C2B2-485F-9A07-A69992A0748A}.Release|Any CPU.Build.0 = Release|Any CPU
		{1D022560-974C-48C5-B3BC-D83F2BFCCF77}.Debug|Any CPU.ActiveCfg = Debug|Any CPU
		{1D022560-974C-48C5-B3BC-D83F2BFCCF77}.Debug|Any CPU.Build.0 = Debug|Any CPU
		{1D022560-974C-48C5-B3BC-D83F2BFCCF77}.Release|Any CPU.ActiveCfg = Release|Any CPU
		{1D022560-974C-48C5-B3BC-D83F2BFCCF77}.Release|Any CPU.Build.0 = Release|Any CPU
		{163DF542-EAD3-460E-ADED-E428FF0E3F4F}.Debug|Any CPU.ActiveCfg = Debug|Any CPU
		{163DF542-EAD3-460E-ADED-E428FF0E3F4F}.Debug|Any CPU.Build.0 = Debug|Any CPU
		{163DF542-EAD3-460E-ADED-E428FF0E3F4F}.Release|Any CPU.ActiveCfg = Release|Any CPU
		{163DF542-EAD3-460E-ADED-E428FF0E3F4F}.Release|Any CPU.Build.0 = Release|Any CPU
		{9AED46EF-2CD5-4D01-974C-4F2ADE9B9F38}.Debug|Any CPU.ActiveCfg = Debug|Any CPU
		{9AED46EF-2CD5-4D01-974C-4F2ADE9B9F38}.Debug|Any CPU.Build.0 = Debug|Any CPU
		{9AED46EF-2CD5-4D01-974C-4F2ADE9B9F38}.Release|Any CPU.ActiveCfg = Release|Any CPU
		{9AED46EF-2CD5-4D01-974C-4F2ADE9B9F38}.Release|Any CPU.Build.0 = Release|Any CPU
	EndGlobalSection
	GlobalSection(SolutionProperties) = preSolution
		HideSolutionNode = FALSE
	EndGlobalSection
	GlobalSection(ExtensibilityGlobals) = postSolution
		SolutionGuid = {A944307D-CA5C-407E-B59C-0D0BE5C3D28B}
	EndGlobalSection
EndGlobal
